
Microsoft Visual Studio Solution File, Format Version 12.00
# Visual Studio Version 16
VisualStudioVersion = 16.0.31019.35
MinimumVisualStudioVersion = 10.0.40219.1
Project("{FAE04EC0-301F-11D3-BF4B-00C04F79EFBC}") = "TelegramAdiTestBot", "TelegramAdiTestBot\TelegramAdiTestBot.csproj", "{537190EB-0E77-4776-BEFC-31EF9966D6C5}"
EndProject
Global
	GlobalSection(SolutionConfigurationPlatforms) = preSolution
		Debug|Any CPU = Debug|Any CPU
		Release|Any CPU = Release|Any CPU
	EndGlobalSection
	GlobalSection(ProjectConfigurationPlatforms) = postSolution
		{537190EB-0E77-4776-BEFC-31EF9966D6C5}.Debug|Any CPU.ActiveCfg = Debug|Any CPU
		{537190EB-0E77-4776-BEFC-31EF9966D6C5}.Debug|Any CPU.Build.0 = Debug|Any CPU
		{537190EB-0E77-4776-BEFC-31EF9966D6C5}.Release|Any CPU.ActiveCfg = Release|Any CPU
		{537190EB-0E77-4776-BEFC-31EF9966D6C5}.Release|Any CPU.Build.0 = Release|Any CPU
	EndGlobalSection
	GlobalSection(SolutionProperties) = preSolution
		HideSolutionNode = FALSE
	EndGlobalSection
	GlobalSection(ExtensibilityGlobals) = postSolution
		SolutionGuid = {2D92FEBB-C9A8-46BA-B322-6FCF99DE9930}
	EndGlobalSection
EndGlobal
